// !$*UTF8*$!
{
	archiveVersion = 1;
	classes = {
	};
	objectVersion = 46;
	objects = {

/* Begin PBXBuildFile section */
		63D415071F04319900608C44 /* AppDelegate.swift in Sources */ = {isa = PBXBuildFile; fileRef = 63D415061F04319900608C44 /* AppDelegate.swift */; };
		63D415091F04319900608C44 /* ViewController.swift in Sources */ = {isa = PBXBuildFile; fileRef = 63D415081F04319900608C44 /* ViewController.swift */; };
		63D4150C1F04319900608C44 /* Main.storyboard in Resources */ = {isa = PBXBuildFile; fileRef = 63D4150A1F04319900608C44 /* Main.storyboard */; };
		63D4150F1F04319900608C44 /* ToDoListCoreData.xcdatamodeld in Sources */ = {isa = PBXBuildFile; fileRef = 63D4150D1F04319900608C44 /* ToDoListCoreData.xcdatamodeld */; };
		63D415111F04319900608C44 /* Assets.xcassets in Resources */ = {isa = PBXBuildFile; fileRef = 63D415101F04319900608C44 /* Assets.xcassets */; };
		63D415141F04319900608C44 /* LaunchScreen.storyboard in Resources */ = {isa = PBXBuildFile; fileRef = 63D415121F04319900608C44 /* LaunchScreen.storyboard */; };
		63D4151F1F04319900608C44 /* ToDoListCoreDataTests.swift in Sources */ = {isa = PBXBuildFile; fileRef = 63D4151E1F04319900608C44 /* ToDoListCoreDataTests.swift */; };
		63D4152A1F04319900608C44 /* ToDoListCoreDataUITests.swift in Sources */ = {isa = PBXBuildFile; fileRef = 63D415291F04319900608C44 /* ToDoListCoreDataUITests.swift */; };
/* End PBXBuildFile section */

/* Begin PBXContainerItemProxy section */
		63D4151B1F04319900608C44 /* PBXContainerItemProxy */ = {
			isa = PBXContainerItemProxy;
			containerPortal = 63D414FB1F04319900608C44 /* Project object */;
			proxyType = 1;
			remoteGlobalIDString = 63D415021F04319900608C44;
			remoteInfo = ToDoListCoreData;
		};
		63D415261F04319900608C44 /* PBXContainerItemProxy */ = {
			isa = PBXContainerItemProxy;
			containerPortal = 63D414FB1F04319900608C44 /* Project object */;
			proxyType = 1;
			remoteGlobalIDString = 63D415021F04319900608C44;
			remoteInfo = ToDoListCoreData;
		};
/* End PBXContainerItemProxy section */

/* Begin PBXFileReference section */
		63D415031F04319900608C44 /* ToDoListCoreData.app */ = {isa = PBXFileReference; explicitFileType = wrapper.application; includeInIndex = 0; path = ToDoListCoreData.app; sourceTree = BUILT_PRODUCTS_DIR; };
		63D415061F04319900608C44 /* AppDelegate.swift */ = {isa = PBXFileReference; lastKnownFileType = sourcecode.swift; path = AppDelegate.swift; sourceTree = "<group>"; };
		63D415081F04319900608C44 /* ViewController.swift */ = {isa = PBXFileReference; lastKnownFileType = sourcecode.swift; path = ViewController.swift; sourceTree = "<group>"; };
		63D4150B1F04319900608C44 /* Base */ = {isa = PBXFileReference; lastKnownFileType = file.storyboard; name = Base; path = Base.lproj/Main.storyboard; sourceTree = "<group>"; };
		63D4150E1F04319900608C44 /* ToDoListCoreData.xcdatamodel */ = {isa = PBXFileReference; lastKnownFileType = wrapper.xcdatamodel; path = ToDoListCoreData.xcdatamodel; sourceTree = "<group>"; };
		63D415101F04319900608C44 /* Assets.xcassets */ = {isa = PBXFileReference; lastKnownFileType = folder.assetcatalog; path = Assets.xcassets; sourceTree = "<group>"; };
		63D415131F04319900608C44 /* Base */ = {isa = PBXFileReference; lastKnownFileType = file.storyboard; name = Base; path = Base.lproj/LaunchScreen.storyboard; sourceTree = "<group>"; };
		63D415151F04319900608C44 /* Info.plist */ = {isa = PBXFileReference; lastKnownFileType = text.plist.xml; path = Info.plist; sourceTree = "<group>"; };
		63D4151A1F04319900608C44 /* ToDoListCoreDataTests.xctest */ = {isa = PBXFileReference; explicitFileType = wrapper.cfbundle; includeInIndex = 0; path = ToDoListCoreDataTests.xctest; sourceTree = BUILT_PRODUCTS_DIR; };
		63D4151E1F04319900608C44 /* ToDoListCoreDataTests.swift */ = {isa = PBXFileReference; lastKnownFileType = sourcecode.swift; path = ToDoListCoreDataTests.swift; sourceTree = "<group>"; };
		63D415201F04319900608C44 /* Info.plist */ = {isa = PBXFileReference; lastKnownFileType = text.plist.xml; path = Info.plist; sourceTree = "<group>"; };
		63D415251F04319900608C44 /* ToDoListCoreDataUITests.xctest */ = {isa = PBXFileReference; explicitFileType = wrapper.cfbundle; includeInIndex = 0; path = ToDoListCoreDataUITests.xctest; sourceTree = BUILT_PRODUCTS_DIR; };
		63D415291F04319900608C44 /* ToDoListCoreDataUITests.swift */ = {isa = PBXFileReference; lastKnownFileType = sourcecode.swift; path = ToDoListCoreDataUITests.swift; sourceTree = "<group>"; };
		63D4152B1F04319900608C44 /* Info.plist */ = {isa = PBXFileReference; lastKnownFileType = text.plist.xml; path = Info.plist; sourceTree = "<group>"; };
/* End PBXFileReference section */

/* Begin PBXFrameworksBuildPhase section */
		63D415001F04319900608C44 /* Frameworks */ = {
			isa = PBXFrameworksBuildPhase;
			buildActionMask = 2147483647;
			files = (
			);
			runOnlyForDeploymentPostprocessing = 0;
		};
		63D415171F04319900608C44 /* Frameworks */ = {
			isa = PBXFrameworksBuildPhase;
			buildActionMask = 2147483647;
			files = (
			);
			runOnlyForDeploymentPostprocessing = 0;
		};
		63D415221F04319900608C44 /* Frameworks */ = {
			isa = PBXFrameworksBuildPhase;
			buildActionMask = 2147483647;
			files = (
			);
			runOnlyForDeploymentPostprocessing = 0;
		};
/* End PBXFrameworksBuildPhase section */

/* Begin PBXGroup section */
		63D414FA1F04319900608C44 = {
			isa = PBXGroup;
			children = (
				63D415051F04319900608C44 /* ToDoListCoreData */,
				63D4151D1F04319900608C44 /* ToDoListCoreDataTests */,
				63D415281F04319900608C44 /* ToDoListCoreDataUITests */,
				63D415041F04319900608C44 /* Products */,
			);
			sourceTree = "<group>";
		};
		63D415041F04319900608C44 /* Products */ = {
			isa = PBXGroup;
			children = (
				63D415031F04319900608C44 /* ToDoListCoreData.app */,
				63D4151A1F04319900608C44 /* ToDoListCoreDataTests.xctest */,
				63D415251F04319900608C44 /* ToDoListCoreDataUITests.xctest */,
			);
			name = Products;
			sourceTree = "<group>";
		};
		63D415051F04319900608C44 /* ToDoListCoreData */ = {
			isa = PBXGroup;
			children = (
				63D415061F04319900608C44 /* AppDelegate.swift */,
				63D415081F04319900608C44 /* ViewController.swift */,
				63D4150A1F04319900608C44 /* Main.storyboard */,
				63D415101F04319900608C44 /* Assets.xcassets */,
				63D415121F04319900608C44 /* LaunchScreen.storyboard */,
				63D415151F04319900608C44 /* Info.plist */,
				63D4150D1F04319900608C44 /* ToDoListCoreData.xcdatamodeld */,
			);
			path = ToDoListCoreData;
			sourceTree = "<group>";
		};
		63D4151D1F04319900608C44 /* ToDoListCoreDataTests */ = {
			isa = PBXGroup;
			children = (
				63D4151E1F04319900608C44 /* ToDoListCoreDataTests.swift */,
				63D415201F04319900608C44 /* Info.plist */,
			);
			path = ToDoListCoreDataTests;
			sourceTree = "<group>";
		};
		63D415281F04319900608C44 /* ToDoListCoreDataUITests */ = {
			isa = PBXGroup;
			children = (
				63D415291F04319900608C44 /* ToDoListCoreDataUITests.swift */,
				63D4152B1F04319900608C44 /* Info.plist */,
			);
			path = ToDoListCoreDataUITests;
			sourceTree = "<group>";
		};
/* End PBXGroup section */

/* Begin PBXNativeTarget section */
		63D415021F04319900608C44 /* ToDoListCoreData */ = {
			isa = PBXNativeTarget;
			buildConfigurationList = 63D4152E1F04319900608C44 /* Build configuration list for PBXNativeTarget "ToDoListCoreData" */;
			buildPhases = (
				63D414FF1F04319900608C44 /* Sources */,
				63D415001F04319900608C44 /* Frameworks */,
				63D415011F04319900608C44 /* Resources */,
			);
			buildRules = (
			);
			dependencies = (
			);
			name = ToDoListCoreData;
			productName = ToDoListCoreData;
			productReference = 63D415031F04319900608C44 /* ToDoListCoreData.app */;
			productType = "com.apple.product-type.application";
		};
		63D415191F04319900608C44 /* ToDoListCoreDataTests */ = {
			isa = PBXNativeTarget;
			buildConfigurationList = 63D415311F04319900608C44 /* Build configuration list for PBXNativeTarget "ToDoListCoreDataTests" */;
			buildPhases = (
				63D415161F04319900608C44 /* Sources */,
				63D415171F04319900608C44 /* Frameworks */,
				63D415181F04319900608C44 /* Resources */,
			);
			buildRules = (
			);
			dependencies = (
				63D4151C1F04319900608C44 /* PBXTargetDependency */,
			);
			name = ToDoListCoreDataTests;
			productName = ToDoListCoreDataTests;
			productReference = 63D4151A1F04319900608C44 /* ToDoListCoreDataTests.xctest */;
			productType = "com.apple.product-type.bundle.unit-test";
		};
		63D415241F04319900608C44 /* ToDoListCoreDataUITests */ = {
			isa = PBXNativeTarget;
			buildConfigurationList = 63D415341F04319900608C44 /* Build configuration list for PBXNativeTarget "ToDoListCoreDataUITests" */;
			buildPhases = (
				63D415211F04319900608C44 /* Sources */,
				63D415221F04319900608C44 /* Frameworks */,
				63D415231F04319900608C44 /* Resources */,
			);
			buildRules = (
			);
			dependencies = (
				63D415271F04319900608C44 /* PBXTargetDependency */,
			);
			name = ToDoListCoreDataUITests;
			productName = ToDoListCoreDataUITests;
			productReference = 63D415251F04319900608C44 /* ToDoListCoreDataUITests.xctest */;
			productType = "com.apple.product-type.bundle.ui-testing";
		};
/* End PBXNativeTarget section */

/* Begin PBXProject section */
		63D414FB1F04319900608C44 /* Project object */ = {
			isa = PBXProject;
			attributes = {
				LastSwiftUpdateCheck = 0830;
				LastUpgradeCheck = 0830;
				ORGANIZATIONNAME = "Satyam Saluja";
				TargetAttributes = {
					63D415021F04319900608C44 = {
						CreatedOnToolsVersion = 8.3.3;
						ProvisioningStyle = Automatic;
					};
					63D415191F04319900608C44 = {
						CreatedOnToolsVersion = 8.3.3;
						ProvisioningStyle = Automatic;
						TestTargetID = 63D415021F04319900608C44;
					};
					63D415241F04319900608C44 = {
						CreatedOnToolsVersion = 8.3.3;
						ProvisioningStyle = Automatic;
						TestTargetID = 63D415021F04319900608C44;
					};
				};
			};
			buildConfigurationList = 63D414FE1F04319900608C44 /* Build configuration list for PBXProject "ToDoListCoreData" */;
			compatibilityVersion = "Xcode 3.2";
			developmentRegion = English;
			hasScannedForEncodings = 0;
			knownRegions = (
				en,
				Base,
			);
			mainGroup = 63D414FA1F04319900608C44;
			productRefGroup = 63D415041F04319900608C44 /* Products */;
			projectDirPath = "";
			projectRoot = "";
			targets = (
				63D415021F04319900608C44 /* ToDoListCoreData */,
				63D415191F04319900608C44 /* ToDoListCoreDataTests */,
				63D415241F04319900608C44 /* ToDoListCoreDataUITests */,
			);
		};
/* End PBXProject section */

/* Begin PBXResourcesBuildPhase section */
		63D415011F04319900608C44 /* Resources */ = {
			isa = PBXResourcesBuildPhase;
			buildActionMask = 2147483647;
			files = (
				63D415141F04319900608C44 /* LaunchScreen.storyboard in Resources */,
				63D415111F04319900608C44 /* Assets.xcassets in Resources */,
				63D4150C1F04319900608C44 /* Main.storyboard in Resources */,
			);
			runOnlyForDeploymentPostprocessing = 0;
		};
		63D415181F04319900608C44 /* Resources */ = {
			isa = PBXResourcesBuildPhase;
			buildActionMask = 2147483647;
			files = (
			);
			runOnlyForDeploymentPostprocessing = 0;
		};
		63D415231F04319900608C44 /* Resources */ = {
			isa = PBXResourcesBuildPhase;
			buildActionMask = 2147483647;
			files = (
			);
			runOnlyForDeploymentPostprocessing = 0;
		};
/* End PBXResourcesBuildPhase section */

/* Begin PBXSourcesBuildPhase section */
		63D414FF1F04319900608C44 /* Sources */ = {
			isa = PBXSourcesBuildPhase;
			buildActionMask = 2147483647;
			files = (
				63D415091F04319900608C44 /* ViewController.swift in Sources */,
				63D415071F04319900608C44 /* AppDelegate.swift in Sources */,
				63D4150F1F04319900608C44 /* ToDoListCoreData.xcdatamodeld in Sources */,
			);
			runOnlyForDeploymentPostprocessing = 0;
		};
		63D415161F04319900608C44 /* Sources */ = {
			isa = PBXSourcesBuildPhase;
			buildActionMask = 2147483647;
			files = (
				63D4151F1F04319900608C44 /* ToDoListCoreDataTests.swift in Sources */,
			);
			runOnlyForDeploymentPostprocessing = 0;
		};
		63D415211F04319900608C44 /* Sources */ = {
			isa = PBXSourcesBuildPhase;
			buildActionMask = 2147483647;
			files = (
				63D4152A1F04319900608C44 /* ToDoListCoreDataUITests.swift in Sources */,
			);
			runOnlyForDeploymentPostprocessing = 0;
		};
/* End PBXSourcesBuildPhase section */

/* Begin PBXTargetDependency section */
		63D4151C1F04319900608C44 /* PBXTargetDependency */ = {
			isa = PBXTargetDependency;
			target = 63D415021F04319900608C44 /* ToDoListCoreData */;
			targetProxy = 63D4151B1F04319900608C44 /* PBXContainerItemProxy */;
		};
		63D415271F04319900608C44 /* PBXTargetDependency */ = {
			isa = PBXTargetDependency;
			target = 63D415021F04319900608C44 /* ToDoListCoreData */;
			targetProxy = 63D415261F04319900608C44 /* PBXContainerItemProxy */;
		};
/* End PBXTargetDependency section */

/* Begin PBXVariantGroup section */
		63D4150A1F04319900608C44 /* Main.storyboard */ = {
			isa = PBXVariantGroup;
			children = (
				63D4150B1F04319900608C44 /* Base */,
			);
			name = Main.storyboard;
			sourceTree = "<group>";
		};
		63D415121F04319900608C44 /* LaunchScreen.storyboard */ = {
			isa = PBXVariantGroup;
			children = (
				63D415131F04319900608C44 /* Base */,
			);
			name = LaunchScreen.storyboard;
			sourceTree = "<group>";
		};
/* End PBXVariantGroup section */

/* Begin XCBuildConfiguration section */
		63D4152C1F04319900608C44 /* Debug */ = {
			isa = XCBuildConfiguration;
			buildSettings = {
				ALWAYS_SEARCH_USER_PATHS = NO;
				CLANG_ANALYZER_NONNULL = YES;
				CLANG_ANALYZER_NUMBER_OBJECT_CONVERSION = YES_AGGRESSIVE;
				CLANG_CXX_LANGUAGE_STANDARD = "gnu++0x";
				CLANG_CXX_LIBRARY = "libc++";
				CLANG_ENABLE_MODULES = YES;
				CLANG_ENABLE_OBJC_ARC = YES;
				CLANG_WARN_BOOL_CONVERSION = YES;
				CLANG_WARN_CONSTANT_CONVERSION = YES;
				CLANG_WARN_DIRECT_OBJC_ISA_USAGE = YES_ERROR;
				CLANG_WARN_DOCUMENTATION_COMMENTS = YES;
				CLANG_WARN_EMPTY_BODY = YES;
				CLANG_WARN_ENUM_CONVERSION = YES;
				CLANG_WARN_INFINITE_RECURSION = YES;
				CLANG_WARN_INT_CONVERSION = YES;
				CLANG_WARN_OBJC_ROOT_CLASS = YES_ERROR;
				CLANG_WARN_SUSPICIOUS_MOVE = YES;
				CLANG_WARN_UNREACHABLE_CODE = YES;
				CLANG_WARN__DUPLICATE_METHOD_MATCH = YES;
				"CODE_SIGN_IDENTITY[sdk=iphoneos*]" = "iPhone Developer";
				COPY_PHASE_STRIP = NO;
				DEBUG_INFORMATION_FORMAT = dwarf;
				ENABLE_STRICT_OBJC_MSGSEND = YES;
				ENABLE_TESTABILITY = YES;
				GCC_C_LANGUAGE_STANDARD = gnu99;
				GCC_DYNAMIC_NO_PIC = NO;
				GCC_NO_COMMON_BLOCKS = YES;
				GCC_OPTIMIZATION_LEVEL = 0;
				GCC_PREPROCESSOR_DEFINITIONS = (
					"DEBUG=1",
					"$(inherited)",
				);
				GCC_WARN_64_TO_32_BIT_CONVERSION = YES;
				GCC_WARN_ABOUT_RETURN_TYPE = YES_ERROR;
				GCC_WARN_UNDECLARED_SELECTOR = YES;
				GCC_WARN_UNINITIALIZED_AUTOS = YES_AGGRESSIVE;
				GCC_WARN_UNUSED_FUNCTION = YES;
				GCC_WARN_UNUSED_VARIABLE = YES;
				IPHONEOS_DEPLOYMENT_TARGET = 10.3;
				MTL_ENABLE_DEBUG_INFO = YES;
				ONLY_ACTIVE_ARCH = YES;
				SDKROOT = iphoneos;
				SWIFT_ACTIVE_COMPILATION_CONDITIONS = DEBUG;
				SWIFT_OPTIMIZATION_LEVEL = "-Onone";
				TARGETED_DEVICE_FAMILY = "1,2";
			};
			name = Debug;
		};
		63D4152D1F04319900608C44 /* Release */ = {
			isa = XCBuildConfiguration;
			buildSettings = {
				ALWAYS_SEARCH_USER_PATHS = NO;
				CLANG_ANALYZER_NONNULL = YES;
				CLANG_ANALYZER_NUMBER_OBJECT_CONVERSION = YES_AGGRESSIVE;
				CLANG_CXX_LANGUAGE_STANDARD = "gnu++0x";
				CLANG_CXX_LIBRARY = "libc++";
				CLANG_ENABLE_MODULES = YES;
				CLANG_ENABLE_OBJC_ARC = YES;
				CLANG_WARN_BOOL_CONVERSION = YES;
				CLANG_WARN_CONSTANT_CONVERSION = YES;
				CLANG_WARN_DIRECT_OBJC_ISA_USAGE = YES_ERROR;
				CLANG_WARN_DOCUMENTATION_COMMENTS = YES;
				CLANG_WARN_EMPTY_BODY = YES;
				CLANG_WARN_ENUM_CONVERSION = YES;
				CLANG_WARN_INFINITE_RECURSION = YES;
				CLANG_WARN_INT_CONVERSION = YES;
				CLANG_WARN_OBJC_ROOT_CLASS = YES_ERROR;
				CLANG_WARN_SUSPICIOUS_MOVE = YES;
				CLANG_WARN_UNREACHABLE_CODE = YES;
				CLANG_WARN__DUPLICATE_METHOD_MATCH = YES;
				"CODE_SIGN_IDENTITY[sdk=iphoneos*]" = "iPhone Developer";
				COPY_PHASE_STRIP = NO;
				DEBUG_INFORMATION_FORMAT = "dwarf-with-dsym";
				ENABLE_NS_ASSERTIONS = NO;
				ENABLE_STRICT_OBJC_MSGSEND = YES;
				GCC_C_LANGUAGE_STANDARD = gnu99;
				GCC_NO_COMMON_BLOCKS = YES;
				GCC_WARN_64_TO_32_BIT_CONVERSION = YES;
				GCC_WARN_ABOUT_RETURN_TYPE = YES_ERROR;
				GCC_WARN_UNDECLARED_SELECTOR = YES;
				GCC_WARN_UNINITIALIZED_AUTOS = YES_AGGRESSIVE;
				GCC_WARN_UNUSED_FUNCTION = YES;
				GCC_WARN_UNUSED_VARIABLE = YES;
				IPHONEOS_DEPLOYMENT_TARGET = 10.3;
				MTL_ENABLE_DEBUG_INFO = NO;
				SDKROOT = iphoneos;
				SWIFT_OPTIMIZATION_LEVEL = "-Owholemodule";
				TARGETED_DEVICE_FAMILY = "1,2";
				VALIDATE_PRODUCT = YES;
			};
			name = Release;
		};
		63D4152F1F04319900608C44 /* Debug */ = {
			isa = XCBuildConfiguration;
			buildSettings = {
				ASSETCATALOG_COMPILER_APPICON_NAME = AppIcon;
				INFOPLIST_FILE = ToDoListCoreData/Info.plist;
				LD_RUNPATH_SEARCH_PATHS = "$(inherited) @executable_path/Frameworks";
				PRODUCT_BUNDLE_IDENTIFIER = satyamMac.ToDoListCoreData;
				PRODUCT_NAME = "$(TARGET_NAME)";
				SWIFT_VERSION = 3.0;
			};
			name = Debug;
		};
		63D415301F04319900608C44 /* Release */ = {
			isa = XCBuildConfiguration;
			buildSettings = {
				ASSETCATALOG_COMPILER_APPICON_NAME = AppIcon;
				INFOPLIST_FILE = ToDoListCoreData/Info.plist;
				LD_RUNPATH_SEARCH_PATHS = "$(inherited) @executable_path/Frameworks";
				PRODUCT_BUNDLE_IDENTIFIER = satyamMac.ToDoListCoreData;
				PRODUCT_NAME = "$(TARGET_NAME)";
				SWIFT_VERSION = 3.0;
			};
			name = Release;
		};
		63D415321F04319900608C44 /* Debug */ = {
			isa = XCBuildConfiguration;
			buildSettings = {
				ALWAYS_EMBED_SWIFT_STANDARD_LIBRARIES = YES;
				BUNDLE_LOADER = "$(TEST_HOST)";
				INFOPLIST_FILE = ToDoListCoreDataTests/Info.plist;
				LD_RUNPATH_SEARCH_PATHS = "$(inherited) @executable_path/Frameworks @loader_path/Frameworks";
				PRODUCT_BUNDLE_IDENTIFIER = satyamMac.ToDoListCoreDataTests;
				PRODUCT_NAME = "$(TARGET_NAME)";
				SWIFT_VERSION = 3.0;
				TEST_HOST = "$(BUILT_PRODUCTS_DIR)/ToDoListCoreData.app/ToDoListCoreData";
			};
			name = Debug;
		};
		63D415331F04319900608C44 /* Release */ = {
			isa = XCBuildConfiguration;
			buildSettings = {
				ALWAYS_EMBED_SWIFT_STANDARD_LIBRARIES = YES;
				BUNDLE_LOADER = "$(TEST_HOST)";
				INFOPLIST_FILE = ToDoListCoreDataTests/Info.plist;
				LD_RUNPATH_SEARCH_PATHS = "$(inherited) @executable_path/Frameworks @loader_path/Frameworks";
				PRODUCT_BUNDLE_IDENTIFIER = satyamMac.ToDoListCoreDataTests;
				PRODUCT_NAME = "$(TARGET_NAME)";
				SWIFT_VERSION = 3.0;
				TEST_HOST = "$(BUILT_PRODUCTS_DIR)/ToDoListCoreData.app/ToDoListCoreData";
			};
			name = Release;
		};
		63D415351F04319900608C44 /* Debug */ = {
			isa = XCBuildConfiguration;
			buildSettings = {
				ALWAYS_EMBED_SWIFT_STANDARD_LIBRARIES = YES;
				INFOPLIST_FILE = ToDoListCoreDataUITests/Info.plist;
				LD_RUNPATH_SEARCH_PATHS = "$(inherited) @executable_path/Frameworks @loader_path/Frameworks";
				PRODUCT_BUNDLE_IDENTIFIER = satyamMac.ToDoListCoreDataUITests;
				PRODUCT_NAME = "$(TARGET_NAME)";
				SWIFT_VERSION = 3.0;
				TEST_TARGET_NAME = ToDoListCoreData;
			};
			name = Debug;
		};
		63D415361F04319900608C44 /* Release */ = {
			isa = XCBuildConfiguration;
			buildSettings = {
				ALWAYS_EMBED_SWIFT_STANDARD_LIBRARIES = YES;
				INFOPLIST_FILE = ToDoListCoreDataUITests/Info.plist;
				LD_RUNPATH_SEARCH_PATHS = "$(inherited) @executable_path/Frameworks @loader_path/Frameworks";
				PRODUCT_BUNDLE_IDENTIFIER = satyamMac.ToDoListCoreDataUITests;
				PRODUCT_NAME = "$(TARGET_NAME)";
				SWIFT_VERSION = 3.0;
				TEST_TARGET_NAME = ToDoListCoreData;
			};
			name = Release;
		};
/* End XCBuildConfiguration section */

/* Begin XCConfigurationList section */
		63D414FE1F04319900608C44 /* Build configuration list for PBXProject "ToDoListCoreData" */ = {
			isa = XCConfigurationList;
			buildConfigurations = (
				63D4152C1F04319900608C44 /* Debug */,
				63D4152D1F04319900608C44 /* Release */,
			);
			defaultConfigurationIsVisible = 0;
			defaultConfigurationName = Release;
		};
		63D4152E1F04319900608C44 /* Build configuration list for PBXNativeTarget "ToDoListCoreData" */ = {
			isa = XCConfigurationList;
			buildConfigurations = (
				63D4152F1F04319900608C44 /* Debug */,
				63D415301F04319900608C44 /* Release */,
			);
			defaultConfigurationIsVisible = 0;
		};
		63D415311F04319900608C44 /* Build configuration list for PBXNativeTarget "ToDoListCoreDataTests" */ = {
			isa = XCConfigurationList;
			buildConfigurations = (
				63D415321F04319900608C44 /* Debug */,
				63D415331F04319900608C44 /* Release */,
			);
			defaultConfigurationIsVisible = 0;
		};
		63D415341F04319900608C44 /* Build configuration list for PBXNativeTarget "ToDoListCoreDataUITests" */ = {
			isa = XCConfigurationList;
			buildConfigurations = (
				63D415351F04319900608C44 /* Debug */,
				63D415361F04319900608C44 /* Release */,
			);
			defaultConfigurationIsVisible = 0;
		};
/* End XCConfigurationList section */

/* Begin XCVersionGroup section */
		63D4150D1F04319900608C44 /* ToDoListCoreData.xcdatamodeld */ = {
			isa = XCVersionGroup;
			children = (
				63D4150E1F04319900608C44 /* ToDoListCoreData.xcdatamodel */,
			);
			currentVersion = 63D4150E1F04319900608C44 /* ToDoListCoreData.xcdatamodel */;
			path = ToDoListCoreData.xcdatamodeld;
			sourceTree = "<group>";
			versionGroupType = wrapper.xcdatamodel;
		};
/* End XCVersionGroup section */
	};
	rootObject = 63D414FB1F04319900608C44 /* Project object */;
}
